// !$*UTF8*$!
{
	archiveVersion = 1;
	classes = {
	};
	objectVersion = 56;
	objects = {

/* Begin PBXBuildFile section */
		04816F782A31351C00949265 /* Favourite_VC.swift in Sources */ = {isa = PBXBuildFile; fileRef = 04816F772A31351C00949265 /* Favourite_VC.swift */; };
		04816F7B2A31357000949265 /* Favourite_Cell.swift in Sources */ = {isa = PBXBuildFile; fileRef = 04816F792A31357000949265 /* Favourite_Cell.swift */; };
		04816F7C2A31357000949265 /* Favourite_Cell.xib in Resources */ = {isa = PBXBuildFile; fileRef = 04816F7A2A31357000949265 /* Favourite_Cell.xib */; };
		04816F7E2A31359C00949265 /* Favourite_SB.storyboard in Resources */ = {isa = PBXBuildFile; fileRef = 04816F7D2A31359C00949265 /* Favourite_SB.storyboard */; };
		04816F822A31396000949265 /* ProductDetails_VC.swift in Sources */ = {isa = PBXBuildFile; fileRef = 04816F812A31396000949265 /* ProductDetails_VC.swift */; };
		04816F842A31398600949265 /* Details_Cell.swift in Sources */ = {isa = PBXBuildFile; fileRef = 04816F832A31398600949265 /* Details_Cell.swift */; };
		04816F862A3139A000949265 /* ProductDetails_SB.storyboard in Resources */ = {isa = PBXBuildFile; fileRef = 04816F852A3139A000949265 /* ProductDetails_SB.storyboard */; };
		0482A1792A2C7679007E5A7B /* Login_VC.swift in Sources */ = {isa = PBXBuildFile; fileRef = 0482A1782A2C7679007E5A7B /* Login_VC.swift */; };
		0482A17B2A2C76A2007E5A7B /* Login_SB.storyboard in Resources */ = {isa = PBXBuildFile; fileRef = 0482A17A2A2C76A2007E5A7B /* Login_SB.storyboard */; };
		04FF36BC2A2C84520058ACDF /* Signup_VC.swift in Sources */ = {isa = PBXBuildFile; fileRef = 04FF36BB2A2C84520058ACDF /* Signup_VC.swift */; };
		04FF36BE2A2C846B0058ACDF /* Signup_SB.storyboard in Resources */ = {isa = PBXBuildFile; fileRef = 04FF36BD2A2C846B0058ACDF /* Signup_SB.storyboard */; };
		9F598C8A2A27C58100C36A93 /* AppDelegate.swift in Sources */ = {isa = PBXBuildFile; fileRef = 9F598C892A27C58100C36A93 /* AppDelegate.swift */; };
		9F598C8C2A27C58100C36A93 /* SceneDelegate.swift in Sources */ = {isa = PBXBuildFile; fileRef = 9F598C8B2A27C58100C36A93 /* SceneDelegate.swift */; };
		9F598C8E2A27C58100C36A93 /* ViewController.swift in Sources */ = {isa = PBXBuildFile; fileRef = 9F598C8D2A27C58100C36A93 /* ViewController.swift */; };
		9F598C912A27C58100C36A93 /* Main.storyboard in Resources */ = {isa = PBXBuildFile; fileRef = 9F598C8F2A27C58100C36A93 /* Main.storyboard */; };
		9F598C942A27C58200C36A93 /* Shopify_User.xcdatamodeld in Sources */ = {isa = PBXBuildFile; fileRef = 9F598C922A27C58200C36A93 /* Shopify_User.xcdatamodeld */; };
		9F598C962A27C58300C36A93 /* Assets.xcassets in Resources */ = {isa = PBXBuildFile; fileRef = 9F598C952A27C58300C36A93 /* Assets.xcassets */; };
		9F598C992A27C58300C36A93 /* LaunchScreen.storyboard in Resources */ = {isa = PBXBuildFile; fileRef = 9F598C972A27C58300C36A93 /* LaunchScreen.storyboard */; };
		9F598CA42A27C58400C36A93 /* Shopify_UserTests.swift in Sources */ = {isa = PBXBuildFile; fileRef = 9F598CA32A27C58400C36A93 /* Shopify_UserTests.swift */; };
		9F598CAE2A27C58400C36A93 /* Shopify_UserUITests.swift in Sources */ = {isa = PBXBuildFile; fileRef = 9F598CAD2A27C58400C36A93 /* Shopify_UserUITests.swift */; };
		9F598CB02A27C58400C36A93 /* Shopify_UserUITestsLaunchTests.swift in Sources */ = {isa = PBXBuildFile; fileRef = 9F598CAF2A27C58400C36A93 /* Shopify_UserUITestsLaunchTests.swift */; };
		9F598CC12A27E28A00C36A93 /* LocalSource.swift in Sources */ = {isa = PBXBuildFile; fileRef = 9F598CC02A27E28A00C36A93 /* LocalSource.swift */; };
		9F598CC32A27E2B200C36A93 /* NetworkService.swift in Sources */ = {isa = PBXBuildFile; fileRef = 9F598CC22A27E2B200C36A93 /* NetworkService.swift */; };
		9F598CC72A27E36A00C36A93 /* Home.swift in Sources */ = {isa = PBXBuildFile; fileRef = 9F598CC62A27E36A00C36A93 /* Home.swift */; };
		9F598CCA2A27E39A00C36A93 /* DummyModel.swift in Sources */ = {isa = PBXBuildFile; fileRef = 9F598CC92A27E39A00C36A93 /* DummyModel.swift */; };
		9F598CCD2A27E3E700C36A93 /* Constants.swift in Sources */ = {isa = PBXBuildFile; fileRef = 9F598CCC2A27E3E700C36A93 /* Constants.swift */; };
		C8BB7546E79B9C33900E5745 /* Pods_Shopify_User.framework in Frameworks */ = {isa = PBXBuildFile; fileRef = 365672AD4C21299D0D13AF44 /* Pods_Shopify_User.framework */; };
		EDE78C506126C932DB753C24 /* Pods_Shopify_User_Shopify_UserUITests.framework in Frameworks */ = {isa = PBXBuildFile; fileRef = F3C7ACF76AA8567D780200E5 /* Pods_Shopify_User_Shopify_UserUITests.framework */; };
		F33562C5770B21B99BFBD883 /* Pods_Shopify_UserTests.framework in Frameworks */ = {isa = PBXBuildFile; fileRef = E46F3BAE5977EE71BB2792A2 /* Pods_Shopify_UserTests.framework */; };
/* End PBXBuildFile section */

/* Begin PBXContainerItemProxy section */
		9F598CA02A27C58400C36A93 /* PBXContainerItemProxy */ = {
			isa = PBXContainerItemProxy;
			containerPortal = 9F598C7E2A27C58100C36A93 /* Project object */;
			proxyType = 1;
			remoteGlobalIDString = 9F598C852A27C58100C36A93;
			remoteInfo = "Shopify User";
		};
		9F598CAA2A27C58400C36A93 /* PBXContainerItemProxy */ = {
			isa = PBXContainerItemProxy;
			containerPortal = 9F598C7E2A27C58100C36A93 /* Project object */;
			proxyType = 1;
			remoteGlobalIDString = 9F598C852A27C58100C36A93;
			remoteInfo = "Shopify User";
		};
/* End PBXContainerItemProxy section */

/* Begin PBXFileReference section */
		04816F772A31351C00949265 /* Favourite_VC.swift */ = {isa = PBXFileReference; lastKnownFileType = sourcecode.swift; path = Favourite_VC.swift; sourceTree = "<group>"; };
		04816F792A31357000949265 /* Favourite_Cell.swift */ = {isa = PBXFileReference; lastKnownFileType = sourcecode.swift; path = Favourite_Cell.swift; sourceTree = "<group>"; };
		04816F7A2A31357000949265 /* Favourite_Cell.xib */ = {isa = PBXFileReference; lastKnownFileType = file.xib; path = Favourite_Cell.xib; sourceTree = "<group>"; };
		04816F7D2A31359C00949265 /* Favourite_SB.storyboard */ = {isa = PBXFileReference; lastKnownFileType = file.storyboard; path = Favourite_SB.storyboard; sourceTree = "<group>"; };
		04816F812A31396000949265 /* ProductDetails_VC.swift */ = {isa = PBXFileReference; lastKnownFileType = sourcecode.swift; path = ProductDetails_VC.swift; sourceTree = "<group>"; };
		04816F832A31398600949265 /* Details_Cell.swift */ = {isa = PBXFileReference; lastKnownFileType = sourcecode.swift; path = Details_Cell.swift; sourceTree = "<group>"; };
		04816F852A3139A000949265 /* ProductDetails_SB.storyboard */ = {isa = PBXFileReference; lastKnownFileType = file.storyboard; path = ProductDetails_SB.storyboard; sourceTree = "<group>"; };
		0482A1782A2C7679007E5A7B /* Login_VC.swift */ = {isa = PBXFileReference; lastKnownFileType = sourcecode.swift; path = Login_VC.swift; sourceTree = "<group>"; };
		0482A17A2A2C76A2007E5A7B /* Login_SB.storyboard */ = {isa = PBXFileReference; lastKnownFileType = file.storyboard; path = Login_SB.storyboard; sourceTree = "<group>"; };
		04FF36BB2A2C84520058ACDF /* Signup_VC.swift */ = {isa = PBXFileReference; lastKnownFileType = sourcecode.swift; path = Signup_VC.swift; sourceTree = "<group>"; };
		04FF36BD2A2C846B0058ACDF /* Signup_SB.storyboard */ = {isa = PBXFileReference; lastKnownFileType = file.storyboard; path = Signup_SB.storyboard; sourceTree = "<group>"; };
		365672AD4C21299D0D13AF44 /* Pods_Shopify_User.framework */ = {isa = PBXFileReference; explicitFileType = wrapper.framework; includeInIndex = 0; path = Pods_Shopify_User.framework; sourceTree = BUILT_PRODUCTS_DIR; };
		8730510172CDC1B0B9B49AFD /* Pods-Shopify User.debug.xcconfig */ = {isa = PBXFileReference; includeInIndex = 1; lastKnownFileType = text.xcconfig; name = "Pods-Shopify User.debug.xcconfig"; path = "Target Support Files/Pods-Shopify User/Pods-Shopify User.debug.xcconfig"; sourceTree = "<group>"; };
		91211149AAF2D03A0730E928 /* Pods-Shopify UserTests.release.xcconfig */ = {isa = PBXFileReference; includeInIndex = 1; lastKnownFileType = text.xcconfig; name = "Pods-Shopify UserTests.release.xcconfig"; path = "Target Support Files/Pods-Shopify UserTests/Pods-Shopify UserTests.release.xcconfig"; sourceTree = "<group>"; };
		9F598C862A27C58100C36A93 /* Shopify User.app */ = {isa = PBXFileReference; explicitFileType = wrapper.application; includeInIndex = 0; path = "Shopify User.app"; sourceTree = BUILT_PRODUCTS_DIR; };
		9F598C892A27C58100C36A93 /* AppDelegate.swift */ = {isa = PBXFileReference; lastKnownFileType = sourcecode.swift; path = AppDelegate.swift; sourceTree = "<group>"; };
		9F598C8B2A27C58100C36A93 /* SceneDelegate.swift */ = {isa = PBXFileReference; lastKnownFileType = sourcecode.swift; path = SceneDelegate.swift; sourceTree = "<group>"; };
		9F598C8D2A27C58100C36A93 /* ViewController.swift */ = {isa = PBXFileReference; lastKnownFileType = sourcecode.swift; path = ViewController.swift; sourceTree = "<group>"; };
		9F598C902A27C58100C36A93 /* Base */ = {isa = PBXFileReference; lastKnownFileType = file.storyboard; name = Base; path = Base.lproj/Main.storyboard; sourceTree = "<group>"; };
		9F598C932A27C58200C36A93 /* Shopify_User.xcdatamodel */ = {isa = PBXFileReference; lastKnownFileType = wrapper.xcdatamodel; path = Shopify_User.xcdatamodel; sourceTree = "<group>"; };
		9F598C952A27C58300C36A93 /* Assets.xcassets */ = {isa = PBXFileReference; lastKnownFileType = folder.assetcatalog; path = Assets.xcassets; sourceTree = "<group>"; };
		9F598C982A27C58300C36A93 /* Base */ = {isa = PBXFileReference; lastKnownFileType = file.storyboard; name = Base; path = Base.lproj/LaunchScreen.storyboard; sourceTree = "<group>"; };
		9F598C9A2A27C58300C36A93 /* Info.plist */ = {isa = PBXFileReference; lastKnownFileType = text.plist.xml; path = Info.plist; sourceTree = "<group>"; };
		9F598C9F2A27C58400C36A93 /* Shopify UserTests.xctest */ = {isa = PBXFileReference; explicitFileType = wrapper.cfbundle; includeInIndex = 0; path = "Shopify UserTests.xctest"; sourceTree = BUILT_PRODUCTS_DIR; };
		9F598CA32A27C58400C36A93 /* Shopify_UserTests.swift */ = {isa = PBXFileReference; lastKnownFileType = sourcecode.swift; path = Shopify_UserTests.swift; sourceTree = "<group>"; };
		9F598CA92A27C58400C36A93 /* Shopify UserUITests.xctest */ = {isa = PBXFileReference; explicitFileType = wrapper.cfbundle; includeInIndex = 0; path = "Shopify UserUITests.xctest"; sourceTree = BUILT_PRODUCTS_DIR; };
		9F598CAD2A27C58400C36A93 /* Shopify_UserUITests.swift */ = {isa = PBXFileReference; lastKnownFileType = sourcecode.swift; path = Shopify_UserUITests.swift; sourceTree = "<group>"; };
		9F598CAF2A27C58400C36A93 /* Shopify_UserUITestsLaunchTests.swift */ = {isa = PBXFileReference; lastKnownFileType = sourcecode.swift; path = Shopify_UserUITestsLaunchTests.swift; sourceTree = "<group>"; };
		9F598CC02A27E28A00C36A93 /* LocalSource.swift */ = {isa = PBXFileReference; lastKnownFileType = sourcecode.swift; path = LocalSource.swift; sourceTree = "<group>"; };
		9F598CC22A27E2B200C36A93 /* NetworkService.swift */ = {isa = PBXFileReference; lastKnownFileType = sourcecode.swift; path = NetworkService.swift; sourceTree = "<group>"; };
		9F598CC62A27E36A00C36A93 /* Home.swift */ = {isa = PBXFileReference; lastKnownFileType = sourcecode.swift; path = Home.swift; sourceTree = "<group>"; };
		9F598CC92A27E39A00C36A93 /* DummyModel.swift */ = {isa = PBXFileReference; lastKnownFileType = sourcecode.swift; path = DummyModel.swift; sourceTree = "<group>"; };
		9F598CCC2A27E3E700C36A93 /* Constants.swift */ = {isa = PBXFileReference; lastKnownFileType = sourcecode.swift; path = Constants.swift; sourceTree = "<group>"; };
		AE0ADE863FFBB380944B6264 /* Pods-Shopify User-Shopify UserUITests.release.xcconfig */ = {isa = PBXFileReference; includeInIndex = 1; lastKnownFileType = text.xcconfig; name = "Pods-Shopify User-Shopify UserUITests.release.xcconfig"; path = "Target Support Files/Pods-Shopify User-Shopify UserUITests/Pods-Shopify User-Shopify UserUITests.release.xcconfig"; sourceTree = "<group>"; };
		B10A9E35192BB5C19D756866 /* Pods-Shopify UserTests.debug.xcconfig */ = {isa = PBXFileReference; includeInIndex = 1; lastKnownFileType = text.xcconfig; name = "Pods-Shopify UserTests.debug.xcconfig"; path = "Target Support Files/Pods-Shopify UserTests/Pods-Shopify UserTests.debug.xcconfig"; sourceTree = "<group>"; };
		C3A64CE7085E007190446B1F /* Pods-Shopify User.release.xcconfig */ = {isa = PBXFileReference; includeInIndex = 1; lastKnownFileType = text.xcconfig; name = "Pods-Shopify User.release.xcconfig"; path = "Target Support Files/Pods-Shopify User/Pods-Shopify User.release.xcconfig"; sourceTree = "<group>"; };
		CE7DBA6F9FEDE7394AD05AED /* Pods-Shopify User-Shopify UserUITests.debug.xcconfig */ = {isa = PBXFileReference; includeInIndex = 1; lastKnownFileType = text.xcconfig; name = "Pods-Shopify User-Shopify UserUITests.debug.xcconfig"; path = "Target Support Files/Pods-Shopify User-Shopify UserUITests/Pods-Shopify User-Shopify UserUITests.debug.xcconfig"; sourceTree = "<group>"; };
		E46F3BAE5977EE71BB2792A2 /* Pods_Shopify_UserTests.framework */ = {isa = PBXFileReference; explicitFileType = wrapper.framework; includeInIndex = 0; path = Pods_Shopify_UserTests.framework; sourceTree = BUILT_PRODUCTS_DIR; };
		F3C7ACF76AA8567D780200E5 /* Pods_Shopify_User_Shopify_UserUITests.framework */ = {isa = PBXFileReference; explicitFileType = wrapper.framework; includeInIndex = 0; path = Pods_Shopify_User_Shopify_UserUITests.framework; sourceTree = BUILT_PRODUCTS_DIR; };
/* End PBXFileReference section */

/* Begin PBXFrameworksBuildPhase section */
		9F598C832A27C58100C36A93 /* Frameworks */ = {
			isa = PBXFrameworksBuildPhase;
			buildActionMask = 2147483647;
			files = (
				C8BB7546E79B9C33900E5745 /* Pods_Shopify_User.framework in Frameworks */,
			);
			runOnlyForDeploymentPostprocessing = 0;
		};
		9F598C9C2A27C58400C36A93 /* Frameworks */ = {
			isa = PBXFrameworksBuildPhase;
			buildActionMask = 2147483647;
			files = (
				F33562C5770B21B99BFBD883 /* Pods_Shopify_UserTests.framework in Frameworks */,
			);
			runOnlyForDeploymentPostprocessing = 0;
		};
		9F598CA62A27C58400C36A93 /* Frameworks */ = {
			isa = PBXFrameworksBuildPhase;
			buildActionMask = 2147483647;
			files = (
				EDE78C506126C932DB753C24 /* Pods_Shopify_User_Shopify_UserUITests.framework in Frameworks */,
			);
			runOnlyForDeploymentPostprocessing = 0;
		};
/* End PBXFrameworksBuildPhase section */

/* Begin PBXGroup section */
		0480FD782A2D130C00C03B99 /* View */ = {
			isa = PBXGroup;
			children = (
				04FF36BD2A2C846B0058ACDF /* Signup_SB.storyboard */,
				04FF36BB2A2C84520058ACDF /* Signup_VC.swift */,
			);
			path = View;
			sourceTree = "<group>";
		};
		0480FD792A2D14BD00C03B99 /* View */ = {
			isa = PBXGroup;
			children = (
				0482A17A2A2C76A2007E5A7B /* Login_SB.storyboard */,
				0482A1782A2C7679007E5A7B /* Login_VC.swift */,
			);
			path = View;
			sourceTree = "<group>";
		};
		04816F752A3134C500949265 /* Favourite_Screen */ = {
			isa = PBXGroup;
			children = (
				04816F762A3134EB00949265 /* View */,
			);
			path = Favourite_Screen;
			sourceTree = "<group>";
		};
		04816F762A3134EB00949265 /* View */ = {
			isa = PBXGroup;
			children = (
				04816F772A31351C00949265 /* Favourite_VC.swift */,
				04816F792A31357000949265 /* Favourite_Cell.swift */,
				04816F7A2A31357000949265 /* Favourite_Cell.xib */,
				04816F7D2A31359C00949265 /* Favourite_SB.storyboard */,
			);
			path = View;
			sourceTree = "<group>";
		};
		04816F7F2A3138F500949265 /* Product_Details_Screen */ = {
			isa = PBXGroup;
			children = (
				04816F802A31391A00949265 /* View */,
			);
			path = Product_Details_Screen;
			sourceTree = "<group>";
		};
		04816F802A31391A00949265 /* View */ = {
			isa = PBXGroup;
			children = (
				04816F812A31396000949265 /* ProductDetails_VC.swift */,
				04816F832A31398600949265 /* Details_Cell.swift */,
				04816F852A3139A000949265 /* ProductDetails_SB.storyboard */,
			);
			path = View;
			sourceTree = "<group>";
		};
		0482A1772A2C762B007E5A7B /* Login_Screen */ = {
			isa = PBXGroup;
			children = (
				0480FD792A2D14BD00C03B99 /* View */,
			);
			path = Login_Screen;
			sourceTree = "<group>";
		};
		04FF36BA2A2C84200058ACDF /* Signup_Screen */ = {
			isa = PBXGroup;
			children = (
				0480FD782A2D130C00C03B99 /* View */,
			);
			path = Signup_Screen;
			sourceTree = "<group>";
		};
		32D5B746F1B3BF59F239CE41 /* Pods */ = {
			isa = PBXGroup;
			children = (
				8730510172CDC1B0B9B49AFD /* Pods-Shopify User.debug.xcconfig */,
				C3A64CE7085E007190446B1F /* Pods-Shopify User.release.xcconfig */,
				CE7DBA6F9FEDE7394AD05AED /* Pods-Shopify User-Shopify UserUITests.debug.xcconfig */,
				AE0ADE863FFBB380944B6264 /* Pods-Shopify User-Shopify UserUITests.release.xcconfig */,
				B10A9E35192BB5C19D756866 /* Pods-Shopify UserTests.debug.xcconfig */,
				91211149AAF2D03A0730E928 /* Pods-Shopify UserTests.release.xcconfig */,
			);
			path = Pods;
			sourceTree = "<group>";
		};
		50F19B5F49D9FAE9EDD00945 /* Frameworks */ = {
			isa = PBXGroup;
			children = (
				365672AD4C21299D0D13AF44 /* Pods_Shopify_User.framework */,
				F3C7ACF76AA8567D780200E5 /* Pods_Shopify_User_Shopify_UserUITests.framework */,
				E46F3BAE5977EE71BB2792A2 /* Pods_Shopify_UserTests.framework */,
			);
			name = Frameworks;
			sourceTree = "<group>";
		};
		9F598C7D2A27C58100C36A93 = {
			isa = PBXGroup;
			children = (
				9F598C882A27C58100C36A93 /* Shopify User */,
				9F598CA22A27C58400C36A93 /* Shopify UserTests */,
				9F598CAC2A27C58400C36A93 /* Shopify UserUITests */,
				9F598C872A27C58100C36A93 /* Products */,
				32D5B746F1B3BF59F239CE41 /* Pods */,
				50F19B5F49D9FAE9EDD00945 /* Frameworks */,
			);
			sourceTree = "<group>";
		};
		9F598C872A27C58100C36A93 /* Products */ = {
			isa = PBXGroup;
			children = (
				9F598C862A27C58100C36A93 /* Shopify User.app */,
				9F598C9F2A27C58400C36A93 /* Shopify UserTests.xctest */,
				9F598CA92A27C58400C36A93 /* Shopify UserUITests.xctest */,
			);
			name = Products;
			sourceTree = "<group>";
		};
		9F598C882A27C58100C36A93 /* Shopify User */ = {
			isa = PBXGroup;
			children = (
				9F598CCB2A27E3D500C36A93 /* Utilities */,
				9F598CC82A27E38B00C36A93 /* Model */,
				9F598CBD2A27E25300C36A93 /* Services */,
				9F598CBC2A27E23C00C36A93 /* Modules */,
				9F598C892A27C58100C36A93 /* AppDelegate.swift */,
				9F598C8B2A27C58100C36A93 /* SceneDelegate.swift */,
				9F598C8D2A27C58100C36A93 /* ViewController.swift */,
				9F598C8F2A27C58100C36A93 /* Main.storyboard */,
				9F598C952A27C58300C36A93 /* Assets.xcassets */,
				9F598C972A27C58300C36A93 /* LaunchScreen.storyboard */,
				9F598C9A2A27C58300C36A93 /* Info.plist */,
				9F598C922A27C58200C36A93 /* Shopify_User.xcdatamodeld */,
			);
			path = "Shopify User";
			sourceTree = "<group>";
		};
		9F598CA22A27C58400C36A93 /* Shopify UserTests */ = {
			isa = PBXGroup;
			children = (
				9F598CA32A27C58400C36A93 /* Shopify_UserTests.swift */,
			);
			path = "Shopify UserTests";
			sourceTree = "<group>";
		};
		9F598CAC2A27C58400C36A93 /* Shopify UserUITests */ = {
			isa = PBXGroup;
			children = (
				9F598CAD2A27C58400C36A93 /* Shopify_UserUITests.swift */,
				9F598CAF2A27C58400C36A93 /* Shopify_UserUITestsLaunchTests.swift */,
			);
			path = "Shopify UserUITests";
			sourceTree = "<group>";
		};
		9F598CBC2A27E23C00C36A93 /* Modules */ = {
			isa = PBXGroup;
			children = (
				04816F7F2A3138F500949265 /* Product_Details_Screen */,
				04816F752A3134C500949265 /* Favourite_Screen */,
				04FF36BA2A2C84200058ACDF /* Signup_Screen */,
				0482A1772A2C762B007E5A7B /* Login_Screen */,
				9F598CC42A27E2C700C36A93 /* Home */,
			);
			path = Modules;
			sourceTree = "<group>";
		};
		9F598CBD2A27E25300C36A93 /* Services */ = {
			isa = PBXGroup;
			children = (
				9F598CBF2A27E26500C36A93 /* Caching */,
				9F598CBE2A27E25D00C36A93 /* Networking */,
			);
			path = Services;
			sourceTree = "<group>";
		};
		9F598CBE2A27E25D00C36A93 /* Networking */ = {
			isa = PBXGroup;
			children = (
				9F598CC22A27E2B200C36A93 /* NetworkService.swift */,
			);
			path = Networking;
			sourceTree = "<group>";
		};
		9F598CBF2A27E26500C36A93 /* Caching */ = {
			isa = PBXGroup;
			children = (
				9F598CC02A27E28A00C36A93 /* LocalSource.swift */,
			);
			path = Caching;
			sourceTree = "<group>";
		};
		9F598CC42A27E2C700C36A93 /* Home */ = {
			isa = PBXGroup;
			children = (
				9F598CC52A27E35700C36A93 /* Model */,
			);
			path = Home;
			sourceTree = "<group>";
		};
		9F598CC52A27E35700C36A93 /* Model */ = {
			isa = PBXGroup;
			children = (
				9F598CC62A27E36A00C36A93 /* Home.swift */,
			);
			path = Model;
			sourceTree = "<group>";
		};
		9F598CC82A27E38B00C36A93 /* Model */ = {
			isa = PBXGroup;
			children = (
				9F598CC92A27E39A00C36A93 /* DummyModel.swift */,
			);
			path = Model;
			sourceTree = "<group>";
		};
		9F598CCB2A27E3D500C36A93 /* Utilities */ = {
			isa = PBXGroup;
			children = (
				9F598CCC2A27E3E700C36A93 /* Constants.swift */,
			);
			path = Utilities;
			sourceTree = "<group>";
		};
/* End PBXGroup section */

/* Begin PBXNativeTarget section */
		9F598C852A27C58100C36A93 /* Shopify User */ = {
			isa = PBXNativeTarget;
			buildConfigurationList = 9F598CB32A27C58400C36A93 /* Build configuration list for PBXNativeTarget "Shopify User" */;
			buildPhases = (
				2ABD13A31707E11D98474858 /* [CP] Check Pods Manifest.lock */,
				9F598C822A27C58100C36A93 /* Sources */,
				9F598C832A27C58100C36A93 /* Frameworks */,
				9F598C842A27C58100C36A93 /* Resources */,
				C0B10EE085463163E6CFE042 /* [CP] Embed Pods Frameworks */,
			);
			buildRules = (
			);
			dependencies = (
			);
			name = "Shopify User";
			productName = "Shopify User";
			productReference = 9F598C862A27C58100C36A93 /* Shopify User.app */;
			productType = "com.apple.product-type.application";
		};
		9F598C9E2A27C58400C36A93 /* Shopify UserTests */ = {
			isa = PBXNativeTarget;
			buildConfigurationList = 9F598CB62A27C58400C36A93 /* Build configuration list for PBXNativeTarget "Shopify UserTests" */;
			buildPhases = (
				7C4DB1A39C336B7897D2C410 /* [CP] Check Pods Manifest.lock */,
				9F598C9B2A27C58400C36A93 /* Sources */,
				9F598C9C2A27C58400C36A93 /* Frameworks */,
				9F598C9D2A27C58400C36A93 /* Resources */,
			);
			buildRules = (
			);
			dependencies = (
				9F598CA12A27C58400C36A93 /* PBXTargetDependency */,
			);
			name = "Shopify UserTests";
			productName = "Shopify UserTests";
			productReference = 9F598C9F2A27C58400C36A93 /* Shopify UserTests.xctest */;
			productType = "com.apple.product-type.bundle.unit-test";
		};
		9F598CA82A27C58400C36A93 /* Shopify UserUITests */ = {
			isa = PBXNativeTarget;
			buildConfigurationList = 9F598CB92A27C58400C36A93 /* Build configuration list for PBXNativeTarget "Shopify UserUITests" */;
			buildPhases = (
				D5A833597DC8D9DD89FC8DA3 /* [CP] Check Pods Manifest.lock */,
				9F598CA52A27C58400C36A93 /* Sources */,
				9F598CA62A27C58400C36A93 /* Frameworks */,
				9F598CA72A27C58400C36A93 /* Resources */,
				42FDE36581A128F2F75812BA /* [CP] Embed Pods Frameworks */,
			);
			buildRules = (
			);
			dependencies = (
				9F598CAB2A27C58400C36A93 /* PBXTargetDependency */,
			);
			name = "Shopify UserUITests";
			productName = "Shopify UserUITests";
			productReference = 9F598CA92A27C58400C36A93 /* Shopify UserUITests.xctest */;
			productType = "com.apple.product-type.bundle.ui-testing";
		};
/* End PBXNativeTarget section */

/* Begin PBXProject section */
		9F598C7E2A27C58100C36A93 /* Project object */ = {
			isa = PBXProject;
			attributes = {
				BuildIndependentTargetsInParallel = 1;
				LastSwiftUpdateCheck = 1430;
				LastUpgradeCheck = 1430;
				TargetAttributes = {
					9F598C852A27C58100C36A93 = {
						CreatedOnToolsVersion = 14.3;
					};
					9F598C9E2A27C58400C36A93 = {
						CreatedOnToolsVersion = 14.3;
						TestTargetID = 9F598C852A27C58100C36A93;
					};
					9F598CA82A27C58400C36A93 = {
						CreatedOnToolsVersion = 14.3;
						TestTargetID = 9F598C852A27C58100C36A93;
					};
				};
			};
			buildConfigurationList = 9F598C812A27C58100C36A93 /* Build configuration list for PBXProject "Shopify User" */;
			compatibilityVersion = "Xcode 14.0";
			developmentRegion = en;
			hasScannedForEncodings = 0;
			knownRegions = (
				en,
				Base,
			);
			mainGroup = 9F598C7D2A27C58100C36A93;
			productRefGroup = 9F598C872A27C58100C36A93 /* Products */;
			projectDirPath = "";
			projectRoot = "";
			targets = (
				9F598C852A27C58100C36A93 /* Shopify User */,
				9F598C9E2A27C58400C36A93 /* Shopify UserTests */,
				9F598CA82A27C58400C36A93 /* Shopify UserUITests */,
			);
		};
/* End PBXProject section */

/* Begin PBXResourcesBuildPhase section */
		9F598C842A27C58100C36A93 /* Resources */ = {
			isa = PBXResourcesBuildPhase;
			buildActionMask = 2147483647;
			files = (
				04FF36BE2A2C846B0058ACDF /* Signup_SB.storyboard in Resources */,
				04816F7C2A31357000949265 /* Favourite_Cell.xib in Resources */,
				9F598C992A27C58300C36A93 /* LaunchScreen.storyboard in Resources */,
				9F598C962A27C58300C36A93 /* Assets.xcassets in Resources */,
				04816F7E2A31359C00949265 /* Favourite_SB.storyboard in Resources */,
				9F598C912A27C58100C36A93 /* Main.storyboard in Resources */,
				04816F862A3139A000949265 /* ProductDetails_SB.storyboard in Resources */,
				0482A17B2A2C76A2007E5A7B /* Login_SB.storyboard in Resources */,
			);
			runOnlyForDeploymentPostprocessing = 0;
		};
		9F598C9D2A27C58400C36A93 /* Resources */ = {
			isa = PBXResourcesBuildPhase;
			buildActionMask = 2147483647;
			files = (
			);
			runOnlyForDeploymentPostprocessing = 0;
		};
		9F598CA72A27C58400C36A93 /* Resources */ = {
			isa = PBXResourcesBuildPhase;
			buildActionMask = 2147483647;
			files = (
			);
			runOnlyForDeploymentPostprocessing = 0;
		};
/* End PBXResourcesBuildPhase section */

/* Begin PBXShellScriptBuildPhase section */
		2ABD13A31707E11D98474858 /* [CP] Check Pods Manifest.lock */ = {
			isa = PBXShellScriptBuildPhase;
			buildActionMask = 2147483647;
			files = (
			);
			inputFileListPaths = (
			);
			inputPaths = (
				"${PODS_PODFILE_DIR_PATH}/Podfile.lock",
				"${PODS_ROOT}/Manifest.lock",
			);
			name = "[CP] Check Pods Manifest.lock";
			outputFileListPaths = (
			);
			outputPaths = (
				"$(DERIVED_FILE_DIR)/Pods-Shopify User-checkManifestLockResult.txt",
			);
			runOnlyForDeploymentPostprocessing = 0;
			shellPath = /bin/sh;
			shellScript = "diff \"${PODS_PODFILE_DIR_PATH}/Podfile.lock\" \"${PODS_ROOT}/Manifest.lock\" > /dev/null\nif [ $? != 0 ] ; then\n    # print error to STDERR\n    echo \"error: The sandbox is not in sync with the Podfile.lock. Run 'pod install' or update your CocoaPods installation.\" >&2\n    exit 1\nfi\n# This output is used by Xcode 'outputs' to avoid re-running this script phase.\necho \"SUCCESS\" > \"${SCRIPT_OUTPUT_FILE_0}\"\n";
			showEnvVarsInLog = 0;
		};
		42FDE36581A128F2F75812BA /* [CP] Embed Pods Frameworks */ = {
			isa = PBXShellScriptBuildPhase;
			buildActionMask = 2147483647;
			files = (
			);
			inputFileListPaths = (
				"${PODS_ROOT}/Target Support Files/Pods-Shopify User-Shopify UserUITests/Pods-Shopify User-Shopify UserUITests-frameworks-${CONFIGURATION}-input-files.xcfilelist",
			);
			name = "[CP] Embed Pods Frameworks";
			outputFileListPaths = (
				"${PODS_ROOT}/Target Support Files/Pods-Shopify User-Shopify UserUITests/Pods-Shopify User-Shopify UserUITests-frameworks-${CONFIGURATION}-output-files.xcfilelist",
			);
			runOnlyForDeploymentPostprocessing = 0;
			shellPath = /bin/sh;
			shellScript = "\"${PODS_ROOT}/Target Support Files/Pods-Shopify User-Shopify UserUITests/Pods-Shopify User-Shopify UserUITests-frameworks.sh\"\n";
			showEnvVarsInLog = 0;
		};
		7C4DB1A39C336B7897D2C410 /* [CP] Check Pods Manifest.lock */ = {
			isa = PBXShellScriptBuildPhase;
			buildActionMask = 2147483647;
			files = (
			);
			inputFileListPaths = (
			);
			inputPaths = (
				"${PODS_PODFILE_DIR_PATH}/Podfile.lock",
				"${PODS_ROOT}/Manifest.lock",
			);
			name = "[CP] Check Pods Manifest.lock";
			outputFileListPaths = (
			);
			outputPaths = (
				"$(DERIVED_FILE_DIR)/Pods-Shopify UserTests-checkManifestLockResult.txt",
			);
			runOnlyForDeploymentPostprocessing = 0;
			shellPath = /bin/sh;
			shellScript = "diff \"${PODS_PODFILE_DIR_PATH}/Podfile.lock\" \"${PODS_ROOT}/Manifest.lock\" > /dev/null\nif [ $? != 0 ] ; then\n    # print error to STDERR\n    echo \"error: The sandbox is not in sync with the Podfile.lock. Run 'pod install' or update your CocoaPods installation.\" >&2\n    exit 1\nfi\n# This output is used by Xcode 'outputs' to avoid re-running this script phase.\necho \"SUCCESS\" > \"${SCRIPT_OUTPUT_FILE_0}\"\n";
			showEnvVarsInLog = 0;
		};
		C0B10EE085463163E6CFE042 /* [CP] Embed Pods Frameworks */ = {
			isa = PBXShellScriptBuildPhase;
			buildActionMask = 2147483647;
			files = (
			);
			inputFileListPaths = (
				"${PODS_ROOT}/Target Support Files/Pods-Shopify User/Pods-Shopify User-frameworks-${CONFIGURATION}-input-files.xcfilelist",
			);
			name = "[CP] Embed Pods Frameworks";
			outputFileListPaths = (
				"${PODS_ROOT}/Target Support Files/Pods-Shopify User/Pods-Shopify User-frameworks-${CONFIGURATION}-output-files.xcfilelist",
			);
			runOnlyForDeploymentPostprocessing = 0;
			shellPath = /bin/sh;
			shellScript = "\"${PODS_ROOT}/Target Support Files/Pods-Shopify User/Pods-Shopify User-frameworks.sh\"\n";
			showEnvVarsInLog = 0;
		};
		D5A833597DC8D9DD89FC8DA3 /* [CP] Check Pods Manifest.lock */ = {
			isa = PBXShellScriptBuildPhase;
			buildActionMask = 2147483647;
			files = (
			);
			inputFileListPaths = (
			);
			inputPaths = (
				"${PODS_PODFILE_DIR_PATH}/Podfile.lock",
				"${PODS_ROOT}/Manifest.lock",
			);
			name = "[CP] Check Pods Manifest.lock";
			outputFileListPaths = (
			);
			outputPaths = (
				"$(DERIVED_FILE_DIR)/Pods-Shopify User-Shopify UserUITests-checkManifestLockResult.txt",
			);
			runOnlyForDeploymentPostprocessing = 0;
			shellPath = /bin/sh;
			shellScript = "diff \"${PODS_PODFILE_DIR_PATH}/Podfile.lock\" \"${PODS_ROOT}/Manifest.lock\" > /dev/null\nif [ $? != 0 ] ; then\n    # print error to STDERR\n    echo \"error: The sandbox is not in sync with the Podfile.lock. Run 'pod install' or update your CocoaPods installation.\" >&2\n    exit 1\nfi\n# This output is used by Xcode 'outputs' to avoid re-running this script phase.\necho \"SUCCESS\" > \"${SCRIPT_OUTPUT_FILE_0}\"\n";
			showEnvVarsInLog = 0;
		};
/* End PBXShellScriptBuildPhase section */

/* Begin PBXSourcesBuildPhase section */
		9F598C822A27C58100C36A93 /* Sources */ = {
			isa = PBXSourcesBuildPhase;
			buildActionMask = 2147483647;
			files = (
				9F598CCA2A27E39A00C36A93 /* DummyModel.swift in Sources */,
				9F598C8E2A27C58100C36A93 /* ViewController.swift in Sources */,
				04816F7B2A31357000949265 /* Favourite_Cell.swift in Sources */,
				04816F782A31351C00949265 /* Favourite_VC.swift in Sources */,
				04816F842A31398600949265 /* Details_Cell.swift in Sources */,
				04FF36BC2A2C84520058ACDF /* Signup_VC.swift in Sources */,
				9F598CC12A27E28A00C36A93 /* LocalSource.swift in Sources */,
				9F598C942A27C58200C36A93 /* Shopify_User.xcdatamodeld in Sources */,
				0482A1792A2C7679007E5A7B /* Login_VC.swift in Sources */,
				9F598C8A2A27C58100C36A93 /* AppDelegate.swift in Sources */,
				9F598CC32A27E2B200C36A93 /* NetworkService.swift in Sources */,
				9F598C8C2A27C58100C36A93 /* SceneDelegate.swift in Sources */,
				9F598CC72A27E36A00C36A93 /* Home.swift in Sources */,
				9F598CCD2A27E3E700C36A93 /* Constants.swift in Sources */,
				04816F822A31396000949265 /* ProductDetails_VC.swift in Sources */,
			);
			runOnlyForDeploymentPostprocessing = 0;
		};
		9F598C9B2A27C58400C36A93 /* Sources */ = {
			isa = PBXSourcesBuildPhase;
			buildActionMask = 2147483647;
			files = (
				9F598CA42A27C58400C36A93 /* Shopify_UserTests.swift in Sources */,
			);
			runOnlyForDeploymentPostprocessing = 0;
		};
		9F598CA52A27C58400C36A93 /* Sources */ = {
			isa = PBXSourcesBuildPhase;
			buildActionMask = 2147483647;
			files = (
				9F598CB02A27C58400C36A93 /* Shopify_UserUITestsLaunchTests.swift in Sources */,
				9F598CAE2A27C58400C36A93 /* Shopify_UserUITests.swift in Sources */,
			);
			runOnlyForDeploymentPostprocessing = 0;
		};
/* End PBXSourcesBuildPhase section */

/* Begin PBXTargetDependency section */
		9F598CA12A27C58400C36A93 /* PBXTargetDependency */ = {
			isa = PBXTargetDependency;
			target = 9F598C852A27C58100C36A93 /* Shopify User */;
			targetProxy = 9F598CA02A27C58400C36A93 /* PBXContainerItemProxy */;
		};
		9F598CAB2A27C58400C36A93 /* PBXTargetDependency */ = {
			isa = PBXTargetDependency;
			target = 9F598C852A27C58100C36A93 /* Shopify User */;
			targetProxy = 9F598CAA2A27C58400C36A93 /* PBXContainerItemProxy */;
		};
/* End PBXTargetDependency section */

/* Begin PBXVariantGroup section */
		9F598C8F2A27C58100C36A93 /* Main.storyboard */ = {
			isa = PBXVariantGroup;
			children = (
				9F598C902A27C58100C36A93 /* Base */,
			);
			name = Main.storyboard;
			sourceTree = "<group>";
		};
		9F598C972A27C58300C36A93 /* LaunchScreen.storyboard */ = {
			isa = PBXVariantGroup;
			children = (
				9F598C982A27C58300C36A93 /* Base */,
			);
			name = LaunchScreen.storyboard;
			sourceTree = "<group>";
		};
/* End PBXVariantGroup section */

/* Begin XCBuildConfiguration section */
		9F598CB12A27C58400C36A93 /* Debug */ = {
			isa = XCBuildConfiguration;
			buildSettings = {
				ALWAYS_SEARCH_USER_PATHS = NO;
				CLANG_ANALYZER_NONNULL = YES;
				CLANG_ANALYZER_NUMBER_OBJECT_CONVERSION = YES_AGGRESSIVE;
				CLANG_CXX_LANGUAGE_STANDARD = "gnu++20";
				CLANG_ENABLE_MODULES = YES;
				CLANG_ENABLE_OBJC_ARC = YES;
				CLANG_ENABLE_OBJC_WEAK = YES;
				CLANG_WARN_BLOCK_CAPTURE_AUTORELEASING = YES;
				CLANG_WARN_BOOL_CONVERSION = YES;
				CLANG_WARN_COMMA = YES;
				CLANG_WARN_CONSTANT_CONVERSION = YES;
				CLANG_WARN_DEPRECATED_OBJC_IMPLEMENTATIONS = YES;
				CLANG_WARN_DIRECT_OBJC_ISA_USAGE = YES_ERROR;
				CLANG_WARN_DOCUMENTATION_COMMENTS = YES;
				CLANG_WARN_EMPTY_BODY = YES;
				CLANG_WARN_ENUM_CONVERSION = YES;
				CLANG_WARN_INFINITE_RECURSION = YES;
				CLANG_WARN_INT_CONVERSION = YES;
				CLANG_WARN_NON_LITERAL_NULL_CONVERSION = YES;
				CLANG_WARN_OBJC_IMPLICIT_RETAIN_SELF = YES;
				CLANG_WARN_OBJC_LITERAL_CONVERSION = YES;
				CLANG_WARN_OBJC_ROOT_CLASS = YES_ERROR;
				CLANG_WARN_QUOTED_INCLUDE_IN_FRAMEWORK_HEADER = YES;
				CLANG_WARN_RANGE_LOOP_ANALYSIS = YES;
				CLANG_WARN_STRICT_PROTOTYPES = YES;
				CLANG_WARN_SUSPICIOUS_MOVE = YES;
				CLANG_WARN_UNGUARDED_AVAILABILITY = YES_AGGRESSIVE;
				CLANG_WARN_UNREACHABLE_CODE = YES;
				CLANG_WARN__DUPLICATE_METHOD_MATCH = YES;
				COPY_PHASE_STRIP = NO;
				DEBUG_INFORMATION_FORMAT = dwarf;
				ENABLE_STRICT_OBJC_MSGSEND = YES;
				ENABLE_TESTABILITY = YES;
				GCC_C_LANGUAGE_STANDARD = gnu11;
				GCC_DYNAMIC_NO_PIC = NO;
				GCC_NO_COMMON_BLOCKS = YES;
				GCC_OPTIMIZATION_LEVEL = 0;
				GCC_PREPROCESSOR_DEFINITIONS = (
					"DEBUG=1",
					"$(inherited)",
				);
				GCC_WARN_64_TO_32_BIT_CONVERSION = YES;
				GCC_WARN_ABOUT_RETURN_TYPE = YES_ERROR;
				GCC_WARN_UNDECLARED_SELECTOR = YES;
				GCC_WARN_UNINITIALIZED_AUTOS = YES_AGGRESSIVE;
				GCC_WARN_UNUSED_FUNCTION = YES;
				GCC_WARN_UNUSED_VARIABLE = YES;
				IPHONEOS_DEPLOYMENT_TARGET = 16.1;
				MTL_ENABLE_DEBUG_INFO = INCLUDE_SOURCE;
				MTL_FAST_MATH = YES;
				ONLY_ACTIVE_ARCH = YES;
				SDKROOT = iphoneos;
				SWIFT_ACTIVE_COMPILATION_CONDITIONS = DEBUG;
				SWIFT_OPTIMIZATION_LEVEL = "-Onone";
			};
			name = Debug;
		};
		9F598CB22A27C58400C36A93 /* Release */ = {
			isa = XCBuildConfiguration;
			buildSettings = {
				ALWAYS_SEARCH_USER_PATHS = NO;
				CLANG_ANALYZER_NONNULL = YES;
				CLANG_ANALYZER_NUMBER_OBJECT_CONVERSION = YES_AGGRESSIVE;
				CLANG_CXX_LANGUAGE_STANDARD = "gnu++20";
				CLANG_ENABLE_MODULES = YES;
				CLANG_ENABLE_OBJC_ARC = YES;
				CLANG_ENABLE_OBJC_WEAK = YES;
				CLANG_WARN_BLOCK_CAPTURE_AUTORELEASING = YES;
				CLANG_WARN_BOOL_CONVERSION = YES;
				CLANG_WARN_COMMA = YES;
				CLANG_WARN_CONSTANT_CONVERSION = YES;
				CLANG_WARN_DEPRECATED_OBJC_IMPLEMENTATIONS = YES;
				CLANG_WARN_DIRECT_OBJC_ISA_USAGE = YES_ERROR;
				CLANG_WARN_DOCUMENTATION_COMMENTS = YES;
				CLANG_WARN_EMPTY_BODY = YES;
				CLANG_WARN_ENUM_CONVERSION = YES;
				CLANG_WARN_INFINITE_RECURSION = YES;
				CLANG_WARN_INT_CONVERSION = YES;
				CLANG_WARN_NON_LITERAL_NULL_CONVERSION = YES;
				CLANG_WARN_OBJC_IMPLICIT_RETAIN_SELF = YES;
				CLANG_WARN_OBJC_LITERAL_CONVERSION = YES;
				CLANG_WARN_OBJC_ROOT_CLASS = YES_ERROR;
				CLANG_WARN_QUOTED_INCLUDE_IN_FRAMEWORK_HEADER = YES;
				CLANG_WARN_RANGE_LOOP_ANALYSIS = YES;
				CLANG_WARN_STRICT_PROTOTYPES = YES;
				CLANG_WARN_SUSPICIOUS_MOVE = YES;
				CLANG_WARN_UNGUARDED_AVAILABILITY = YES_AGGRESSIVE;
				CLANG_WARN_UNREACHABLE_CODE = YES;
				CLANG_WARN__DUPLICATE_METHOD_MATCH = YES;
				COPY_PHASE_STRIP = NO;
				DEBUG_INFORMATION_FORMAT = "dwarf-with-dsym";
				ENABLE_NS_ASSERTIONS = NO;
				ENABLE_STRICT_OBJC_MSGSEND = YES;
				GCC_C_LANGUAGE_STANDARD = gnu11;
				GCC_NO_COMMON_BLOCKS = YES;
				GCC_WARN_64_TO_32_BIT_CONVERSION = YES;
				GCC_WARN_ABOUT_RETURN_TYPE = YES_ERROR;
				GCC_WARN_UNDECLARED_SELECTOR = YES;
				GCC_WARN_UNINITIALIZED_AUTOS = YES_AGGRESSIVE;
				GCC_WARN_UNUSED_FUNCTION = YES;
				GCC_WARN_UNUSED_VARIABLE = YES;
				IPHONEOS_DEPLOYMENT_TARGET = 16.1;
				MTL_ENABLE_DEBUG_INFO = NO;
				MTL_FAST_MATH = YES;
				SDKROOT = iphoneos;
				SWIFT_COMPILATION_MODE = wholemodule;
				SWIFT_OPTIMIZATION_LEVEL = "-O";
				VALIDATE_PRODUCT = YES;
			};
			name = Release;
		};
		9F598CB42A27C58400C36A93 /* Debug */ = {
			isa = XCBuildConfiguration;
			baseConfigurationReference = 8730510172CDC1B0B9B49AFD /* Pods-Shopify User.debug.xcconfig */;
			buildSettings = {
				ASSETCATALOG_COMPILER_APPICON_NAME = AppIcon;
				ASSETCATALOG_COMPILER_GLOBAL_ACCENT_COLOR_NAME = AccentColor;
				CODE_SIGN_STYLE = Automatic;
				CURRENT_PROJECT_VERSION = 1;
				GENERATE_INFOPLIST_FILE = YES;
				INFOPLIST_FILE = "Shopify User/Info.plist";
				INFOPLIST_KEY_UIApplicationSupportsIndirectInputEvents = YES;
				INFOPLIST_KEY_UILaunchStoryboardName = LaunchScreen;
				INFOPLIST_KEY_UIMainStoryboardFile = Main;
				INFOPLIST_KEY_UISupportedInterfaceOrientations_iPad = "UIInterfaceOrientationPortrait UIInterfaceOrientationPortraitUpsideDown UIInterfaceOrientationLandscapeLeft UIInterfaceOrientationLandscapeRight";
				INFOPLIST_KEY_UISupportedInterfaceOrientations_iPhone = "UIInterfaceOrientationPortrait UIInterfaceOrientationLandscapeLeft UIInterfaceOrientationLandscapeRight";
				IPHONEOS_DEPLOYMENT_TARGET = 16.0;
				LD_RUNPATH_SEARCH_PATHS = (
					"$(inherited)",
					"@executable_path/Frameworks",
				);
				MARKETING_VERSION = 1.0;
				PRODUCT_BUNDLE_IDENTIFIER = "com.fadaly.Shopify-User";
				PRODUCT_NAME = "$(TARGET_NAME)";
				SWIFT_EMIT_LOC_STRINGS = YES;
				SWIFT_VERSION = 5.0;
				TARGETED_DEVICE_FAMILY = "1,2";
			};
			name = Debug;
		};
		9F598CB52A27C58400C36A93 /* Release */ = {
			isa = XCBuildConfiguration;
			baseConfigurationReference = C3A64CE7085E007190446B1F /* Pods-Shopify User.release.xcconfig */;
			buildSettings = {
				ASSETCATALOG_COMPILER_APPICON_NAME = AppIcon;
				ASSETCATALOG_COMPILER_GLOBAL_ACCENT_COLOR_NAME = AccentColor;
				CODE_SIGN_STYLE = Automatic;
				CURRENT_PROJECT_VERSION = 1;
				GENERATE_INFOPLIST_FILE = YES;
				INFOPLIST_FILE = "Shopify User/Info.plist";
				INFOPLIST_KEY_UIApplicationSupportsIndirectInputEvents = YES;
				INFOPLIST_KEY_UILaunchStoryboardName = LaunchScreen;
				INFOPLIST_KEY_UIMainStoryboardFile = Main;
				INFOPLIST_KEY_UISupportedInterfaceOrientations_iPad = "UIInterfaceOrientationPortrait UIInterfaceOrientationPortraitUpsideDown UIInterfaceOrientationLandscapeLeft UIInterfaceOrientationLandscapeRight";
				INFOPLIST_KEY_UISupportedInterfaceOrientations_iPhone = "UIInterfaceOrientationPortrait UIInterfaceOrientationLandscapeLeft UIInterfaceOrientationLandscapeRight";
				IPHONEOS_DEPLOYMENT_TARGET = 16.0;
				LD_RUNPATH_SEARCH_PATHS = (
					"$(inherited)",
					"@executable_path/Frameworks",
				);
				MARKETING_VERSION = 1.0;
				PRODUCT_BUNDLE_IDENTIFIER = "com.fadaly.Shopify-User";
				PRODUCT_NAME = "$(TARGET_NAME)";
				SWIFT_EMIT_LOC_STRINGS = YES;
				SWIFT_VERSION = 5.0;
				TARGETED_DEVICE_FAMILY = "1,2";
			};
			name = Release;
		};
		9F598CB72A27C58400C36A93 /* Debug */ = {
			isa = XCBuildConfiguration;
			baseConfigurationReference = B10A9E35192BB5C19D756866 /* Pods-Shopify UserTests.debug.xcconfig */;
			buildSettings = {
				ALWAYS_EMBED_SWIFT_STANDARD_LIBRARIES = YES;
				BUNDLE_LOADER = "$(TEST_HOST)";
				CODE_SIGN_STYLE = Automatic;
				CURRENT_PROJECT_VERSION = 1;
				GENERATE_INFOPLIST_FILE = YES;
				IPHONEOS_DEPLOYMENT_TARGET = 16.4;
				MARKETING_VERSION = 1.0;
				PRODUCT_BUNDLE_IDENTIFIER = "com.fadaly.Shopify-UserTests";
				PRODUCT_NAME = "$(TARGET_NAME)";
				SWIFT_EMIT_LOC_STRINGS = NO;
				SWIFT_VERSION = 5.0;
				TARGETED_DEVICE_FAMILY = "1,2";
				TEST_HOST = "$(BUILT_PRODUCTS_DIR)/Shopify User.app/$(BUNDLE_EXECUTABLE_FOLDER_PATH)/Shopify User";
			};
			name = Debug;
		};
		9F598CB82A27C58400C36A93 /* Release */ = {
			isa = XCBuildConfiguration;
			baseConfigurationReference = 91211149AAF2D03A0730E928 /* Pods-Shopify UserTests.release.xcconfig */;
			buildSettings = {
				ALWAYS_EMBED_SWIFT_STANDARD_LIBRARIES = YES;
				BUNDLE_LOADER = "$(TEST_HOST)";
				CODE_SIGN_STYLE = Automatic;
				CURRENT_PROJECT_VERSION = 1;
				GENERATE_INFOPLIST_FILE = YES;
				IPHONEOS_DEPLOYMENT_TARGET = 16.4;
				MARKETING_VERSION = 1.0;
				PRODUCT_BUNDLE_IDENTIFIER = "com.fadaly.Shopify-UserTests";
				PRODUCT_NAME = "$(TARGET_NAME)";
				SWIFT_EMIT_LOC_STRINGS = NO;
				SWIFT_VERSION = 5.0;
				TARGETED_DEVICE_FAMILY = "1,2";
				TEST_HOST = "$(BUILT_PRODUCTS_DIR)/Shopify User.app/$(BUNDLE_EXECUTABLE_FOLDER_PATH)/Shopify User";
			};
			name = Release;
		};
		9F598CBA2A27C58400C36A93 /* Debug */ = {
			isa = XCBuildConfiguration;
			baseConfigurationReference = CE7DBA6F9FEDE7394AD05AED /* Pods-Shopify User-Shopify UserUITests.debug.xcconfig */;
			buildSettings = {
				ALWAYS_EMBED_SWIFT_STANDARD_LIBRARIES = YES;
				CODE_SIGN_STYLE = Automatic;
				CURRENT_PROJECT_VERSION = 1;
				GENERATE_INFOPLIST_FILE = YES;
				MARKETING_VERSION = 1.0;
				PRODUCT_BUNDLE_IDENTIFIER = "com.fadaly.Shopify-UserUITests";
				PRODUCT_NAME = "$(TARGET_NAME)";
				SWIFT_EMIT_LOC_STRINGS = NO;
				SWIFT_VERSION = 5.0;
				TARGETED_DEVICE_FAMILY = "1,2";
				TEST_TARGET_NAME = "Shopify User";
			};
			name = Debug;
		};
		9F598CBB2A27C58400C36A93 /* Release */ = {
			isa = XCBuildConfiguration;
			baseConfigurationReference = AE0ADE863FFBB380944B6264 /* Pods-Shopify User-Shopify UserUITests.release.xcconfig */;
			buildSettings = {
				ALWAYS_EMBED_SWIFT_STANDARD_LIBRARIES = YES;
				CODE_SIGN_STYLE = Automatic;
				CURRENT_PROJECT_VERSION = 1;
				GENERATE_INFOPLIST_FILE = YES;
				MARKETING_VERSION = 1.0;
				PRODUCT_BUNDLE_IDENTIFIER = "com.fadaly.Shopify-UserUITests";
				PRODUCT_NAME = "$(TARGET_NAME)";
				SWIFT_EMIT_LOC_STRINGS = NO;
				SWIFT_VERSION = 5.0;
				TARGETED_DEVICE_FAMILY = "1,2";
				TEST_TARGET_NAME = "Shopify User";
			};
			name = Release;
		};
/* End XCBuildConfiguration section */

/* Begin XCConfigurationList section */
		9F598C812A27C58100C36A93 /* Build configuration list for PBXProject "Shopify User" */ = {
			isa = XCConfigurationList;
			buildConfigurations = (
				9F598CB12A27C58400C36A93 /* Debug */,
				9F598CB22A27C58400C36A93 /* Release */,
			);
			defaultConfigurationIsVisible = 0;
			defaultConfigurationName = Release;
		};
		9F598CB32A27C58400C36A93 /* Build configuration list for PBXNativeTarget "Shopify User" */ = {
			isa = XCConfigurationList;
			buildConfigurations = (
				9F598CB42A27C58400C36A93 /* Debug */,
				9F598CB52A27C58400C36A93 /* Release */,
			);
			defaultConfigurationIsVisible = 0;
			defaultConfigurationName = Release;
		};
		9F598CB62A27C58400C36A93 /* Build configuration list for PBXNativeTarget "Shopify UserTests" */ = {
			isa = XCConfigurationList;
			buildConfigurations = (
				9F598CB72A27C58400C36A93 /* Debug */,
				9F598CB82A27C58400C36A93 /* Release */,
			);
			defaultConfigurationIsVisible = 0;
			defaultConfigurationName = Release;
		};
		9F598CB92A27C58400C36A93 /* Build configuration list for PBXNativeTarget "Shopify UserUITests" */ = {
			isa = XCConfigurationList;
			buildConfigurations = (
				9F598CBA2A27C58400C36A93 /* Debug */,
				9F598CBB2A27C58400C36A93 /* Release */,
			);
			defaultConfigurationIsVisible = 0;
			defaultConfigurationName = Release;
		};
/* End XCConfigurationList section */

/* Begin XCVersionGroup section */
		9F598C922A27C58200C36A93 /* Shopify_User.xcdatamodeld */ = {
			isa = XCVersionGroup;
			children = (
				9F598C932A27C58200C36A93 /* Shopify_User.xcdatamodel */,
			);
			currentVersion = 9F598C932A27C58200C36A93 /* Shopify_User.xcdatamodel */;
			path = Shopify_User.xcdatamodeld;
			sourceTree = "<group>";
			versionGroupType = wrapper.xcdatamodel;
		};
/* End XCVersionGroup section */
	};
	rootObject = 9F598C7E2A27C58100C36A93 /* Project object */;
}
